
Microsoft Visual Studio Solution File, Format Version 12.00
# Visual Studio 14
VisualStudioVersion = 14.0.25420.1
MinimumVisualStudioVersion = 10.0.40219.1
Project("{FAE04EC0-301F-11D3-BF4B-00C04F79EFBC}") = "PuzzLangMain", "PuzzLangMain\PuzzLangMain.csproj", "{6F942978-3AE6-40E3-A660-EBE97A784343}"
EndProject
Project("{FAE04EC0-301F-11D3-BF4B-00C04F79EFBC}") = "PuzzLangTest", "PuzzLangTest\PuzzLangTest.csproj", "{9B6D5ACA-4969-46CF-8449-0160183735E0}"
EndProject
Project("{FAE04EC0-301F-11D3-BF4B-00C04F79EFBC}") = "Pegasus.Common", "Pegasus.Common\Pegasus.Common.csproj", "{1FC19ADF-446F-4118-8189-C25AADF12397}"
EndProject
Project("{FAE04EC0-301F-11D3-BF4B-00C04F79EFBC}") = "PuzzLangLib", "PuzzLangLib\PuzzLangLib.csproj", "{8CEEA3E9-50CF-4FCA-90B3-89190D96D154}"
EndProject
Global
	GlobalSection(SolutionConfigurationPlatforms) = preSolution
		Debug|Any CPU = Debug|Any CPU
		Release|Any CPU = Release|Any CPU
	EndGlobalSection
	GlobalSection(ProjectConfigurationPlatforms) = postSolution
		{6F942978-3AE6-40E3-A660-EBE97A784343}.Debug|Any CPU.ActiveCfg = Debug|Any CPU
		{6F942978-3AE6-40E3-A660-EBE97A784343}.Debug|Any CPU.Build.0 = Debug|Any CPU
		{6F942978-3AE6-40E3-A660-EBE97A784343}.Release|Any CPU.ActiveCfg = Release|Any CPU
		{6F942978-3AE6-40E3-A660-EBE97A784343}.Release|Any CPU.Build.0 = Release|Any CPU
		{9B6D5ACA-4969-46CF-8449-0160183735E0}.Debug|Any CPU.ActiveCfg = Debug|Any CPU
		{9B6D5ACA-4969-46CF-8449-0160183735E0}.Debug|Any CPU.Build.0 = Debug|Any CPU
		{9B6D5ACA-4969-46CF-8449-0160183735E0}.Release|Any CPU.ActiveCfg = Release|Any CPU
		{9B6D5ACA-4969-46CF-8449-0160183735E0}.Release|Any CPU.Build.0 = Release|Any CPU
		{1FC19ADF-446F-4118-8189-C25AADF12397}.Debug|Any CPU.ActiveCfg = Debug|Any CPU
		{1FC19ADF-446F-4118-8189-C25AADF12397}.Debug|Any CPU.Build.0 = Debug|Any CPU
		{1FC19ADF-446F-4118-8189-C25AADF12397}.Release|Any CPU.ActiveCfg = Release|Any CPU
		{1FC19ADF-446F-4118-8189-C25AADF12397}.Release|Any CPU.Build.0 = Release|Any CPU
		{8CEEA3E9-50CF-4FCA-90B3-89190D96D154}.Debug|Any CPU.ActiveCfg = Debug|Any CPU
		{8CEEA3E9-50CF-4FCA-90B3-89190D96D154}.Debug|Any CPU.Build.0 = Debug|Any CPU
		{8CEEA3E9-50CF-4FCA-90B3-89190D96D154}.Release|Any CPU.ActiveCfg = Release|Any CPU
		{8CEEA3E9-50CF-4FCA-90B3-89190D96D154}.Release|Any CPU.Build.0 = Release|Any CPU
	EndGlobalSection
	GlobalSection(SolutionProperties) = preSolution
		HideSolutionNode = FALSE
	EndGlobalSection
EndGlobal
